
Microsoft Visual Studio Solution File, Format Version 12.00
# Visual Studio Version 16
VisualStudioVersion = 16.0.29403.142
MinimumVisualStudioVersion = 10.0.40219.1
Project("{FAE04EC0-301F-11D3-BF4B-00C04F79EFBC}") = "CalculatorWebApp", "CalculatorWebApp\CalculatorWebApp.csproj", "{ABDE375E-A069-4F7B-9582-E0AD4967E3EF}"
EndProject
Global
	GlobalSection(SolutionConfigurationPlatforms) = preSolution
		Debug|Any CPU = Debug|Any CPU
		Release|Any CPU = Release|Any CPU
	EndGlobalSection
	GlobalSection(ProjectConfigurationPlatforms) = postSolution
		{ABDE375E-A069-4F7B-9582-E0AD4967E3EF}.Debug|Any CPU.ActiveCfg = Debug|Any CPU
		{ABDE375E-A069-4F7B-9582-E0AD4967E3EF}.Debug|Any CPU.Build.0 = Debug|Any CPU
		{ABDE375E-A069-4F7B-9582-E0AD4967E3EF}.Release|Any CPU.ActiveCfg = Release|Any CPU
		{ABDE375E-A069-4F7B-9582-E0AD4967E3EF}.Release|Any CPU.Build.0 = Release|Any CPU
	EndGlobalSection
	GlobalSection(SolutionProperties) = preSolution
		HideSolutionNode = FALSE
	EndGlobalSection
	GlobalSection(ExtensibilityGlobals) = postSolution
		SolutionGuid = {8D3132A5-61BF-41B1-B89F-114826836AAF}
	EndGlobalSection
EndGlobal
